
Microsoft Visual Studio Solution File, Format Version 12.00
# Visual Studio Version 16
VisualStudioVersion = 16.0.31729.503
MinimumVisualStudioVersion = 10.0.40219.1
Project("{FAE04EC0-301F-11D3-BF4B-00C04F79EFBC}") = "PaymentAPI", "PaymentAPI\PaymentAPI.csproj", "{1F1F62D1-911A-41B4-A8E9-B28DF1D2EE43}"
EndProject
Global
	GlobalSection(SolutionConfigurationPlatforms) = preSolution
		Debug|Any CPU = Debug|Any CPU
		Release|Any CPU = Release|Any CPU
	EndGlobalSection
	GlobalSection(ProjectConfigurationPlatforms) = postSolution
		{1F1F62D1-911A-41B4-A8E9-B28DF1D2EE43}.Debug|Any CPU.ActiveCfg = Debug|Any CPU
		{1F1F62D1-911A-41B4-A8E9-B28DF1D2EE43}.Debug|Any CPU.Build.0 = Debug|Any CPU
		{1F1F62D1-911A-41B4-A8E9-B28DF1D2EE43}.Release|Any CPU.ActiveCfg = Release|Any CPU
		{1F1F62D1-911A-41B4-A8E9-B28DF1D2EE43}.Release|Any CPU.Build.0 = Release|Any CPU
	EndGlobalSection
	GlobalSection(SolutionProperties) = preSolution
		HideSolutionNode = FALSE
	EndGlobalSection
	GlobalSection(ExtensibilityGlobals) = postSolution
		SolutionGuid = {772B66CC-E8C0-4E3C-9C30-414523549802}
	EndGlobalSection
EndGlobal
